
Microsoft Visual Studio Solution File, Format Version 12.00
Project("{FAE04EC0-301F-11D3-BF4B-00C04F79EFBC}") = "Landscape", "Landscape\Landscape.csproj", "{C03567FF-E73B-4E96-B281-750E72E4B44E}"
EndProject
Project("{FAE04EC0-301F-11D3-BF4B-00C04F79EFBC}") = "LineWithTabStop", "LineWithTabStop\LineWithTabStop.csproj", "{AEDB4340-4010-4845-BE14-F3E5885949FF}"
EndProject
Global
	GlobalSection(SolutionConfigurationPlatforms) = preSolution
		Debug|Any CPU = Debug|Any CPU
		Release|Any CPU = Release|Any CPU
	EndGlobalSection
	GlobalSection(ProjectConfigurationPlatforms) = postSolution
		{C03567FF-E73B-4E96-B281-750E72E4B44E}.Debug|Any CPU.ActiveCfg = Debug|Any CPU
		{C03567FF-E73B-4E96-B281-750E72E4B44E}.Debug|Any CPU.Build.0 = Debug|Any CPU
		{C03567FF-E73B-4E96-B281-750E72E4B44E}.Release|Any CPU.ActiveCfg = Release|Any CPU
		{C03567FF-E73B-4E96-B281-750E72E4B44E}.Release|Any CPU.Build.0 = Release|Any CPU
		{AEDB4340-4010-4845-BE14-F3E5885949FF}.Debug|Any CPU.ActiveCfg = Debug|Any CPU
		{AEDB4340-4010-4845-BE14-F3E5885949FF}.Debug|Any CPU.Build.0 = Debug|Any CPU
		{AEDB4340-4010-4845-BE14-F3E5885949FF}.Release|Any CPU.ActiveCfg = Release|Any CPU
		{AEDB4340-4010-4845-BE14-F3E5885949FF}.Release|Any CPU.Build.0 = Release|Any CPU
	EndGlobalSection
EndGlobal
